{
  "name": "trunktotree",
  "lockfileVersion": 2,
  "requires": true,
  "packages": {
    "": {
      "dependencies": {
        "threebox-plugin": "^2.2.5"
      }
    },
    "node_modules/threebox-plugin": {
      "version": "2.2.5",
      "resolved": "https://registry.npmjs.org/threebox-plugin/-/threebox-plugin-2.2.5.tgz",
      "integrity": "sha512-YRgf+nVmE9vVz7x1WQ29uP/XnjdbT6VPTRpA18wmDGf+g6RvUTDutRyh1ISRfjP7XPuHU7/LEy6LohvzB1/F7A=="
    }
  },
  "dependencies": {
    "threebox-plugin": {
      "version": "2.2.5",
      "resolved": "https://registry.npmjs.org/threebox-plugin/-/threebox-plugin-2.2.5.tgz",
      "integrity": "sha512-YRgf+nVmE9vVz7x1WQ29uP/XnjdbT6VPTRpA18wmDGf+g6RvUTDutRyh1ISRfjP7XPuHU7/LEy6LohvzB1/F7A=="
    }
  }
}
